
Microsoft Visual Studio Solution File, Format Version 12.00
# Visual Studio Version 16
VisualStudioVersion = 16.0.31727.386
MinimumVisualStudioVersion = 10.0.40219.1
Project("{FAE04EC0-301F-11D3-BF4B-00C04F79EFBC}") = "palyazat", "palyazat\palyazat.csproj", "{3F77A090-71CF-479F-99C4-ED245AE3409E}"
EndProject
Global
	GlobalSection(SolutionConfigurationPlatforms) = preSolution
		Debug|Any CPU = Debug|Any CPU
		Release|Any CPU = Release|Any CPU
	EndGlobalSection
	GlobalSection(ProjectConfigurationPlatforms) = postSolution
		{3F77A090-71CF-479F-99C4-ED245AE3409E}.Debug|Any CPU.ActiveCfg = Debug|Any CPU
		{3F77A090-71CF-479F-99C4-ED245AE3409E}.Debug|Any CPU.Build.0 = Debug|Any CPU
		{3F77A090-71CF-479F-99C4-ED245AE3409E}.Release|Any CPU.ActiveCfg = Release|Any CPU
		{3F77A090-71CF-479F-99C4-ED245AE3409E}.Release|Any CPU.Build.0 = Release|Any CPU
	EndGlobalSection
	GlobalSection(SolutionProperties) = preSolution
		HideSolutionNode = FALSE
	EndGlobalSection
	GlobalSection(ExtensibilityGlobals) = postSolution
		SolutionGuid = {0ABDEA30-D15E-45E3-83EF-8FEEA67313D3}
	EndGlobalSection
EndGlobal
